// !$*UTF8*$!
{
	archiveVersion = 1;
	classes = {
	};
	objectVersion = 46;
	objects = {

/* Begin PBXBuildFile section */
		AC3DD7DC172AE2DC00C8931C /* Menu.png in Resources */ = {isa = PBXBuildFile; fileRef = AC3DD7DB172AE2DC00C8931C /* Menu.png */; };
		AC3DD7F21730227D00C8931C /* HowToPlayViewController.m in Sources */ = {isa = PBXBuildFile; fileRef = AC3DD7F11730227D00C8931C /* HowToPlayViewController.m */; };
		AC3DD805173AB9EA00C8931C /* credits.pdf in Resources */ = {isa = PBXBuildFile; fileRef = AC3DD803173AB9EA00C8931C /* credits.pdf */; };
		AC3DD806173AB9EA00C8931C /* howToPlay.pdf in Resources */ = {isa = PBXBuildFile; fileRef = AC3DD804173AB9EA00C8931C /* howToPlay.pdf */; };
		AC3DD809173ABA4700C8931C /* CreditsViewController.m in Sources */ = {isa = PBXBuildFile; fileRef = AC3DD808173ABA4600C8931C /* CreditsViewController.m */; };
		ACAD19BD17256793002B522B /* Title.png in Resources */ = {isa = PBXBuildFile; fileRef = ACAD19BC17256793002B522B /* Title.png */; };
		ACC25B4F173C3D56004A837F /* game_background.jpg in Resources */ = {isa = PBXBuildFile; fileRef = ACC25B4E173C3D56004A837F /* game_background.jpg */; };
		ACF35C6C1714BF0900B008D3 /* Simple2DGameViewController.m in Sources */ = {isa = PBXBuildFile; fileRef = ACF35C6A1714BF0900B008D3 /* Simple2DGameViewController.m */; };
		ACF8431717011DA1001B8DCB /* UIKit.framework in Frameworks */ = {isa = PBXBuildFile; fileRef = ACF8431617011DA1001B8DCB /* UIKit.framework */; };
		ACF8431917011DA1001B8DCB /* Foundation.framework in Frameworks */ = {isa = PBXBuildFile; fileRef = ACF8431817011DA1001B8DCB /* Foundation.framework */; };
		ACF8431B17011DA1001B8DCB /* CoreGraphics.framework in Frameworks */ = {isa = PBXBuildFile; fileRef = ACF8431A17011DA1001B8DCB /* CoreGraphics.framework */; };
		ACF8432117011DA1001B8DCB /* InfoPlist.strings in Resources */ = {isa = PBXBuildFile; fileRef = ACF8431F17011DA1001B8DCB /* InfoPlist.strings */; };
		ACF8432317011DA1001B8DCB /* main.m in Sources */ = {isa = PBXBuildFile; fileRef = ACF8432217011DA1001B8DCB /* main.m */; };
		ACF8432717011DA1001B8DCB /* AppDelegate.m in Sources */ = {isa = PBXBuildFile; fileRef = ACF8432617011DA1001B8DCB /* AppDelegate.m */; };
		ACF8432917011DA1001B8DCB /* Default.png in Resources */ = {isa = PBXBuildFile; fileRef = ACF8432817011DA1001B8DCB /* Default.png */; };
		ACF8432B17011DA1001B8DCB /* Default@2x.png in Resources */ = {isa = PBXBuildFile; fileRef = ACF8432A17011DA1001B8DCB /* Default@2x.png */; };
		ACF8432D17011DA1001B8DCB /* Default-568h@2x.png in Resources */ = {isa = PBXBuildFile; fileRef = ACF8432C17011DA1001B8DCB /* Default-568h@2x.png */; };
		ACF8433017011DA1001B8DCB /* MainStoryboard.storyboard in Resources */ = {isa = PBXBuildFile; fileRef = ACF8432E17011DA1001B8DCB /* MainStoryboard.storyboard */; };
		ACF8433317011DA1001B8DCB /* ViewController.m in Sources */ = {isa = PBXBuildFile; fileRef = ACF8433217011DA1001B8DCB /* ViewController.m */; };
		B19F1C51172A8F6D00C42142 /* WinScenceVC.m in Sources */ = {isa = PBXBuildFile; fileRef = B19F1C50172A8F6D00C42142 /* WinScenceVC.m */; };
		B1BFB433171941D900FFB502 /* CylinderTicTacToeGameAI.m in Sources */ = {isa = PBXBuildFile; fileRef = B1BFB432171941D900FFB502 /* CylinderTicTacToeGameAI.m */; };
		B1C756C917115FF900EF4D46 /* CylinderTicTacToeGameLogic.m in Sources */ = {isa = PBXBuildFile; fileRef = B1C756C817115FF900EF4D46 /* CylinderTicTacToeGameLogic.m */; };
		B1C756CE17147B6C00EF4D46 /* Simple2DLayer.m in Sources */ = {isa = PBXBuildFile; fileRef = B1C756CD17147B6C00EF4D46 /* Simple2DLayer.m */; };
		B1C756CF1715B3A300EF4D46 /* NewGameOptionsViewController.m in Sources */ = {isa = PBXBuildFile; fileRef = B1C756CB17145D1000EF4D46 /* NewGameOptionsViewController.m */; };
		B1C757631717260C00EF4D46 /* blackButton.png in Resources */ = {isa = PBXBuildFile; fileRef = B1C7574F1717260C00EF4D46 /* blackButton.png */; };
		B1C757641717260C00EF4D46 /* blackButton@2x.png in Resources */ = {isa = PBXBuildFile; fileRef = B1C757501717260C00EF4D46 /* blackButton@2x.png */; };
		B1C757651717260C00EF4D46 /* blueButton.png in Resources */ = {isa = PBXBuildFile; fileRef = B1C757511717260C00EF4D46 /* blueButton.png */; };
		B1C757661717260C00EF4D46 /* blueButton@2x.png in Resources */ = {isa = PBXBuildFile; fileRef = B1C757521717260C00EF4D46 /* blueButton@2x.png */; };
		B1C757671717260C00EF4D46 /* cyanButton.png in Resources */ = {isa = PBXBuildFile; fileRef = B1C757531717260C00EF4D46 /* cyanButton.png */; };
		B1C757681717260C00EF4D46 /* cyanButton@2x.png in Resources */ = {isa = PBXBuildFile; fileRef = B1C757541717260C00EF4D46 /* cyanButton@2x.png */; };
		B1C757691717260C00EF4D46 /* greenButton.png in Resources */ = {isa = PBXBuildFile; fileRef = B1C757551717260C00EF4D46 /* greenButton.png */; };
		B1C7576A1717260C00EF4D46 /* greenButton@2x.png in Resources */ = {isa = PBXBuildFile; fileRef = B1C757561717260C00EF4D46 /* greenButton@2x.png */; };
		B1C7576B1717260C00EF4D46 /* greyButton.png in Resources */ = {isa = PBXBuildFile; fileRef = B1C757571717260C00EF4D46 /* greyButton.png */; };
		B1C7576C1717260C00EF4D46 /* greyButton@2x.png in Resources */ = {isa = PBXBuildFile; fileRef = B1C757581717260C00EF4D46 /* greyButton@2x.png */; };
		B1C7576D1717260C00EF4D46 /* orangeButton.png in Resources */ = {isa = PBXBuildFile; fileRef = B1C757591717260C00EF4D46 /* orangeButton.png */; };
		B1C7576E1717260C00EF4D46 /* orangeButton@2x.png in Resources */ = {isa = PBXBuildFile; fileRef = B1C7575A1717260C00EF4D46 /* orangeButton@2x.png */; };
		B1C7576F1717260C00EF4D46 /* pinkButton.png in Resources */ = {isa = PBXBuildFile; fileRef = B1C7575B1717260C00EF4D46 /* pinkButton.png */; };
		B1C757701717260C00EF4D46 /* pinkButton@2x.png in Resources */ = {isa = PBXBuildFile; fileRef = B1C7575C1717260C00EF4D46 /* pinkButton@2x.png */; };
		B1C757711717260C00EF4D46 /* tanButton.png in Resources */ = {isa = PBXBuildFile; fileRef = B1C7575D1717260C00EF4D46 /* tanButton.png */; };
		B1C757721717260C00EF4D46 /* tanButton@2x.png in Resources */ = {isa = PBXBuildFile; fileRef = B1C7575E1717260C00EF4D46 /* tanButton@2x.png */; };
		B1C757731717260C00EF4D46 /* violetButton.png in Resources */ = {isa = PBXBuildFile; fileRef = B1C7575F1717260C00EF4D46 /* violetButton.png */; };
		B1C757741717260C00EF4D46 /* violetButton@2x.png in Resources */ = {isa = PBXBuildFile; fileRef = B1C757601717260C00EF4D46 /* violetButton@2x.png */; };
		B1C757751717260C00EF4D46 /* whiteButton.png in Resources */ = {isa = PBXBuildFile; fileRef = B1C757611717260C00EF4D46 /* whiteButton.png */; };
		B1C757761717260C00EF4D46 /* whiteButton@2x.png in Resources */ = {isa = PBXBuildFile; fileRef = B1C757621717260C00EF4D46 /* whiteButton@2x.png */; };
/* End PBXBuildFile section */

/* Begin PBXFileReference section */
		AC3DD7DB172AE2DC00C8931C /* Menu.png */ = {isa = PBXFileReference; lastKnownFileType = image.png; name = Menu.png; path = color_buttons/Menu.png; sourceTree = "<group>"; };
		AC3DD7F01730227D00C8931C /* HowToPlayViewController.h */ = {isa = PBXFileReference; fileEncoding = 4; lastKnownFileType = sourcecode.c.h; path = HowToPlayViewController.h; sourceTree = "<group>"; };
		AC3DD7F11730227D00C8931C /* HowToPlayViewController.m */ = {isa = PBXFileReference; fileEncoding = 4; lastKnownFileType = sourcecode.c.objc; path = HowToPlayViewController.m; sourceTree = "<group>"; };
		AC3DD803173AB9EA00C8931C /* credits.pdf */ = {isa = PBXFileReference; lastKnownFileType = image.pdf; path = credits.pdf; sourceTree = "<group>"; };
		AC3DD804173AB9EA00C8931C /* howToPlay.pdf */ = {isa = PBXFileReference; lastKnownFileType = image.pdf; path = howToPlay.pdf; sourceTree = "<group>"; };
		AC3DD807173ABA4600C8931C /* CreditsViewController.h */ = {isa = PBXFileReference; fileEncoding = 4; lastKnownFileType = sourcecode.c.h; path = CreditsViewController.h; sourceTree = "<group>"; };
		AC3DD808173ABA4600C8931C /* CreditsViewController.m */ = {isa = PBXFileReference; fileEncoding = 4; lastKnownFileType = sourcecode.c.objc; path = CreditsViewController.m; sourceTree = "<group>"; };
		ACAD19BC17256793002B522B /* Title.png */ = {isa = PBXFileReference; lastKnownFileType = image.png; name = Title.png; path = color_buttons/Title.png; sourceTree = "<group>"; };
		ACC25B4E173C3D56004A837F /* game_background.jpg */ = {isa = PBXFileReference; lastKnownFileType = image.jpeg; path = game_background.jpg; sourceTree = "<group>"; };
		ACF35C691714BF0900B008D3 /* Simple2DGameViewController.h */ = {isa = PBXFileReference; fileEncoding = 4; lastKnownFileType = sourcecode.c.h; path = Simple2DGameViewController.h; sourceTree = "<group>"; };
		ACF35C6A1714BF0900B008D3 /* Simple2DGameViewController.m */ = {isa = PBXFileReference; fileEncoding = 4; lastKnownFileType = sourcecode.c.objc; path = Simple2DGameViewController.m; sourceTree = "<group>"; };
		ACF8431217011DA1001B8DCB /* Cylinder Tic Tac Toe.app */ = {isa = PBXFileReference; explicitFileType = wrapper.application; includeInIndex = 0; path = "Cylinder Tic Tac Toe.app"; sourceTree = BUILT_PRODUCTS_DIR; };
		ACF8431617011DA1001B8DCB /* UIKit.framework */ = {isa = PBXFileReference; lastKnownFileType = wrapper.framework; name = UIKit.framework; path = System/Library/Frameworks/UIKit.framework; sourceTree = SDKROOT; };
		ACF8431817011DA1001B8DCB /* Foundation.framework */ = {isa = PBXFileReference; lastKnownFileType = wrapper.framework; name = Foundation.framework; path = System/Library/Frameworks/Foundation.framework; sourceTree = SDKROOT; };
		ACF8431A17011DA1001B8DCB /* CoreGraphics.framework */ = {isa = PBXFileReference; lastKnownFileType = wrapper.framework; name = CoreGraphics.framework; path = System/Library/Frameworks/CoreGraphics.framework; sourceTree = SDKROOT; };
		ACF8431E17011DA1001B8DCB /* Cylinder Tic Tac Toe-Info.plist */ = {isa = PBXFileReference; lastKnownFileType = text.plist.xml; path = "Cylinder Tic Tac Toe-Info.plist"; sourceTree = "<group>"; };
		ACF8432017011DA1001B8DCB /* en */ = {isa = PBXFileReference; lastKnownFileType = text.plist.strings; name = en; path = en.lproj/InfoPlist.strings; sourceTree = "<group>"; };
		ACF8432217011DA1001B8DCB /* main.m */ = {isa = PBXFileReference; lastKnownFileType = sourcecode.c.objc; path = main.m; sourceTree = "<group>"; };
		ACF8432417011DA1001B8DCB /* Cylinder Tic Tac Toe-Prefix.pch */ = {isa = PBXFileReference; lastKnownFileType = sourcecode.c.h; path = "Cylinder Tic Tac Toe-Prefix.pch"; sourceTree = "<group>"; };
		ACF8432517011DA1001B8DCB /* AppDelegate.h */ = {isa = PBXFileReference; lastKnownFileType = sourcecode.c.h; path = AppDelegate.h; sourceTree = "<group>"; };
		ACF8432617011DA1001B8DCB /* AppDelegate.m */ = {isa = PBXFileReference; lastKnownFileType = sourcecode.c.objc; path = AppDelegate.m; sourceTree = "<group>"; };
		ACF8432817011DA1001B8DCB /* Default.png */ = {isa = PBXFileReference; lastKnownFileType = image.png; path = Default.png; sourceTree = "<group>"; };
		ACF8432A17011DA1001B8DCB /* Default@2x.png */ = {isa = PBXFileReference; lastKnownFileType = image.png; path = "Default@2x.png"; sourceTree = "<group>"; };
		ACF8432C17011DA1001B8DCB /* Default-568h@2x.png */ = {isa = PBXFileReference; lastKnownFileType = image.png; path = "Default-568h@2x.png"; sourceTree = "<group>"; };
		ACF8432F17011DA1001B8DCB /* en */ = {isa = PBXFileReference; lastKnownFileType = file.storyboard; name = en; path = en.lproj/MainStoryboard.storyboard; sourceTree = "<group>"; };
		ACF8433117011DA1001B8DCB /* ViewController.h */ = {isa = PBXFileReference; lastKnownFileType = sourcecode.c.h; path = ViewController.h; sourceTree = "<group>"; };
		ACF8433217011DA1001B8DCB /* ViewController.m */ = {isa = PBXFileReference; lastKnownFileType = sourcecode.c.objc; path = ViewController.m; sourceTree = "<group>"; };
		B19F1C4F172A8F6D00C42142 /* WinScenceVC.h */ = {isa = PBXFileReference; fileEncoding = 4; lastKnownFileType = sourcecode.c.h; path = WinScenceVC.h; sourceTree = "<group>"; };
		B19F1C50172A8F6D00C42142 /* WinScenceVC.m */ = {isa = PBXFileReference; fileEncoding = 4; lastKnownFileType = sourcecode.c.objc; path = WinScenceVC.m; sourceTree = "<group>"; };
		B1B35D3F173D75F300BB657C /* Cylinder Tic Tac Toe copy-Info.plist */ = {isa = PBXFileReference; lastKnownFileType = text.plist.xml; name = "Cylinder Tic Tac Toe copy-Info.plist"; path = "/Users/TVA/Dropbox/MyLibrary/Xcode/TicTacToe/Cylinder Tic Tac Toe/Cylinder Tic Tac Toe copy-Info.plist"; sourceTree = "<absolute>"; };
		B1BFB431171941D900FFB502 /* CylinderTicTacToeGameAI.h */ = {isa = PBXFileReference; fileEncoding = 4; lastKnownFileType = sourcecode.c.h; path = CylinderTicTacToeGameAI.h; sourceTree = "<group>"; };
		B1BFB432171941D900FFB502 /* CylinderTicTacToeGameAI.m */ = {isa = PBXFileReference; fileEncoding = 4; lastKnownFileType = sourcecode.c.objc; path = CylinderTicTacToeGameAI.m; sourceTree = "<group>"; };
		B1C756C717115FF900EF4D46 /* CylinderTicTacToeGameLogic.h */ = {isa = PBXFileReference; fileEncoding = 4; lastKnownFileType = sourcecode.c.h; path = CylinderTicTacToeGameLogic.h; sourceTree = "<group>"; };
		B1C756C817115FF900EF4D46 /* CylinderTicTacToeGameLogic.m */ = {isa = PBXFileReference; fileEncoding = 4; lastKnownFileType = sourcecode.c.objc; path = CylinderTicTacToeGameLogic.m; sourceTree = "<group>"; };
		B1C756CA17145D0F00EF4D46 /* NewGameOptionsViewController.h */ = {isa = PBXFileReference; lastKnownFileType = sourcecode.c.h; path = NewGameOptionsViewController.h; sourceTree = "<group>"; };
		B1C756CB17145D1000EF4D46 /* NewGameOptionsViewController.m */ = {isa = PBXFileReference; lastKnownFileType = sourcecode.c.objc; path = NewGameOptionsViewController.m; sourceTree = "<group>"; };
		B1C756CC17147B6C00EF4D46 /* Simple2DLayer.h */ = {isa = PBXFileReference; fileEncoding = 4; lastKnownFileType = sourcecode.c.h; path = Simple2DLayer.h; sourceTree = "<group>"; };
		B1C756CD17147B6C00EF4D46 /* Simple2DLayer.m */ = {isa = PBXFileReference; fileEncoding = 4; lastKnownFileType = sourcecode.c.objc; path = Simple2DLayer.m; sourceTree = "<group>"; };
		B1C7574F1717260C00EF4D46 /* blackButton.png */ = {isa = PBXFileReference; lastKnownFileType = image.png; path = blackButton.png; sourceTree = "<group>"; };
		B1C757501717260C00EF4D46 /* blackButton@2x.png */ = {isa = PBXFileReference; lastKnownFileType = image.png; path = "blackButton@2x.png"; sourceTree = "<group>"; };
		B1C757511717260C00EF4D46 /* blueButton.png */ = {isa = PBXFileReference; lastKnownFileType = image.png; path = blueButton.png; sourceTree = "<group>"; };
		B1C757521717260C00EF4D46 /* blueButton@2x.png */ = {isa = PBXFileReference; lastKnownFileType = image.png; path = "blueButton@2x.png"; sourceTree = "<group>"; };
		B1C757531717260C00EF4D46 /* cyanButton.png */ = {isa = PBXFileReference; lastKnownFileType = image.png; path = cyanButton.png; sourceTree = "<group>"; };
		B1C757541717260C00EF4D46 /* cyanButton@2x.png */ = {isa = PBXFileReference; lastKnownFileType = image.png; path = "cyanButton@2x.png"; sourceTree = "<group>"; };
		B1C757551717260C00EF4D46 /* greenButton.png */ = {isa = PBXFileReference; lastKnownFileType = image.png; path = greenButton.png; sourceTree = "<group>"; };
		B1C757561717260C00EF4D46 /* greenButton@2x.png */ = {isa = PBXFileReference; lastKnownFileType = image.png; path = "greenButton@2x.png"; sourceTree = "<group>"; };
		B1C757571717260C00EF4D46 /* greyButton.png */ = {isa = PBXFileReference; lastKnownFileType = image.png; path = greyButton.png; sourceTree = "<group>"; };
		B1C757581717260C00EF4D46 /* greyButton@2x.png */ = {isa = PBXFileReference; lastKnownFileType = image.png; path = "greyButton@2x.png"; sourceTree = "<group>"; };
		B1C757591717260C00EF4D46 /* orangeButton.png */ = {isa = PBXFileReference; lastKnownFileType = image.png; path = orangeButton.png; sourceTree = "<group>"; };
		B1C7575A1717260C00EF4D46 /* orangeButton@2x.png */ = {isa = PBXFileReference; lastKnownFileType = image.png; path = "orangeButton@2x.png"; sourceTree = "<group>"; };
		B1C7575B1717260C00EF4D46 /* pinkButton.png */ = {isa = PBXFileReference; lastKnownFileType = image.png; path = pinkButton.png; sourceTree = "<group>"; };
		B1C7575C1717260C00EF4D46 /* pinkButton@2x.png */ = {isa = PBXFileReference; lastKnownFileType = image.png; path = "pinkButton@2x.png"; sourceTree = "<group>"; };
		B1C7575D1717260C00EF4D46 /* tanButton.png */ = {isa = PBXFileReference; lastKnownFileType = image.png; path = tanButton.png; sourceTree = "<group>"; };
		B1C7575E1717260C00EF4D46 /* tanButton@2x.png */ = {isa = PBXFileReference; lastKnownFileType = image.png; path = "tanButton@2x.png"; sourceTree = "<group>"; };
		B1C7575F1717260C00EF4D46 /* violetButton.png */ = {isa = PBXFileReference; lastKnownFileType = image.png; path = violetButton.png; sourceTree = "<group>"; };
		B1C757601717260C00EF4D46 /* violetButton@2x.png */ = {isa = PBXFileReference; lastKnownFileType = image.png; path = "violetButton@2x.png"; sourceTree = "<group>"; };
		B1C757611717260C00EF4D46 /* whiteButton.png */ = {isa = PBXFileReference; lastKnownFileType = image.png; path = whiteButton.png; sourceTree = "<group>"; };
		B1C757621717260C00EF4D46 /* whiteButton@2x.png */ = {isa = PBXFileReference; lastKnownFileType = image.png; path = "whiteButton@2x.png"; sourceTree = "<group>"; };
/* End PBXFileReference section */

/* Begin PBXFrameworksBuildPhase section */
		ACF8430F17011DA1001B8DCB /* Frameworks */ = {
			isa = PBXFrameworksBuildPhase;
			buildActionMask = 2147483647;
			files = (
				ACF8431717011DA1001B8DCB /* UIKit.framework in Frameworks */,
				ACF8431917011DA1001B8DCB /* Foundation.framework in Frameworks */,
				ACF8431B17011DA1001B8DCB /* CoreGraphics.framework in Frameworks */,
			);
			runOnlyForDeploymentPostprocessing = 0;
		};
/* End PBXFrameworksBuildPhase section */

/* Begin PBXGroup section */
		AC3DD7F3173022FA00C8931C /* pdfs */ = {
			isa = PBXGroup;
			children = (
				AC3DD803173AB9EA00C8931C /* credits.pdf */,
				AC3DD804173AB9EA00C8931C /* howToPlay.pdf */,
			);
			name = pdfs;
			sourceTree = "<group>";
		};
		ACAD198F17256663002B522B /* game_images */ = {
			isa = PBXGroup;
			children = (
				ACC25B4E173C3D56004A837F /* game_background.jpg */,
				AC3DD7DB172AE2DC00C8931C /* Menu.png */,
				ACAD19BC17256793002B522B /* Title.png */,
			);
			name = game_images;
			sourceTree = "<group>";
		};
		ACF8430717011DA1001B8DCB = {
			isa = PBXGroup;
			children = (
				ACF8431C17011DA1001B8DCB /* Cylinder Tic Tac Toe */,
				ACF8431517011DA1001B8DCB /* Frameworks */,
				ACF8431317011DA1001B8DCB /* Products */,
				B1B35D3F173D75F300BB657C /* Cylinder Tic Tac Toe copy-Info.plist */,
			);
			sourceTree = "<group>";
		};
		ACF8431317011DA1001B8DCB /* Products */ = {
			isa = PBXGroup;
			children = (
				ACF8431217011DA1001B8DCB /* Cylinder Tic Tac Toe.app */,
			);
			name = Products;
			sourceTree = "<group>";
		};
		ACF8431517011DA1001B8DCB /* Frameworks */ = {
			isa = PBXGroup;
			children = (
				ACF8431617011DA1001B8DCB /* UIKit.framework */,
				ACF8431817011DA1001B8DCB /* Foundation.framework */,
				ACF8431A17011DA1001B8DCB /* CoreGraphics.framework */,
			);
			name = Frameworks;
			sourceTree = "<group>";
		};
		ACF8431C17011DA1001B8DCB /* Cylinder Tic Tac Toe */ = {
			isa = PBXGroup;
			children = (
				B1C756C617115FC100EF4D46 /* Game Logic */,
				ACF8432517011DA1001B8DCB /* AppDelegate.h */,
				ACF8432617011DA1001B8DCB /* AppDelegate.m */,
				ACF8432E17011DA1001B8DCB /* MainStoryboard.storyboard */,
				ACF8433117011DA1001B8DCB /* ViewController.h */,
				ACF8433217011DA1001B8DCB /* ViewController.m */,
				B1C756CA17145D0F00EF4D46 /* NewGameOptionsViewController.h */,
				B1C756CB17145D1000EF4D46 /* NewGameOptionsViewController.m */,
				B19F1C4F172A8F6D00C42142 /* WinScenceVC.h */,
				B19F1C50172A8F6D00C42142 /* WinScenceVC.m */,
				AC3DD807173ABA4600C8931C /* CreditsViewController.h */,
				AC3DD808173ABA4600C8931C /* CreditsViewController.m */,
				AC3DD7F01730227D00C8931C /* HowToPlayViewController.h */,
				AC3DD7F11730227D00C8931C /* HowToPlayViewController.m */,
				B1C757151717098700EF4D46 /* Game View */,
				B1C7568A17115E8E00EF4D46 /* Resources */,
				ACF8431D17011DA1001B8DCB /* Supporting Files */,
			);
			path = "Cylinder Tic Tac Toe";
			sourceTree = "<group>";
		};
		ACF8431D17011DA1001B8DCB /* Supporting Files */ = {
			isa = PBXGroup;
			children = (
				ACF8431E17011DA1001B8DCB /* Cylinder Tic Tac Toe-Info.plist */,
				ACF8431F17011DA1001B8DCB /* InfoPlist.strings */,
				ACF8432217011DA1001B8DCB /* main.m */,
				ACF8432417011DA1001B8DCB /* Cylinder Tic Tac Toe-Prefix.pch */,
				ACF8432817011DA1001B8DCB /* Default.png */,
				ACF8432A17011DA1001B8DCB /* Default@2x.png */,
				ACF8432C17011DA1001B8DCB /* Default-568h@2x.png */,
			);
			name = "Supporting Files";
			sourceTree = "<group>";
		};
		B1C7568A17115E8E00EF4D46 /* Resources */ = {
			isa = PBXGroup;
			children = (
				AC3DD7F3173022FA00C8931C /* pdfs */,
				ACAD198F17256663002B522B /* game_images */,
				B1C7574E1717260C00EF4D46 /* color_buttons */,
			);
			name = Resources;
			sourceTree = "<group>";
		};
		B1C756C617115FC100EF4D46 /* Game Logic */ = {
			isa = PBXGroup;
			children = (
				B1C756C717115FF900EF4D46 /* CylinderTicTacToeGameLogic.h */,
				B1C756C817115FF900EF4D46 /* CylinderTicTacToeGameLogic.m */,
				B1BFB431171941D900FFB502 /* CylinderTicTacToeGameAI.h */,
				B1BFB432171941D900FFB502 /* CylinderTicTacToeGameAI.m */,
			);
			name = "Game Logic";
			sourceTree = "<group>";
		};
		B1C757151717098700EF4D46 /* Game View */ = {
			isa = PBXGroup;
			children = (
				B1C756CC17147B6C00EF4D46 /* Simple2DLayer.h */,
				B1C756CD17147B6C00EF4D46 /* Simple2DLayer.m */,
				ACF35C691714BF0900B008D3 /* Simple2DGameViewController.h */,
				ACF35C6A1714BF0900B008D3 /* Simple2DGameViewController.m */,
			);
			name = "Game View";
			sourceTree = "<group>";
		};
		B1C7574E1717260C00EF4D46 /* color_buttons */ = {
			isa = PBXGroup;
			children = (
				B1C7574F1717260C00EF4D46 /* blackButton.png */,
				B1C757501717260C00EF4D46 /* blackButton@2x.png */,
				B1C757511717260C00EF4D46 /* blueButton.png */,
				B1C757521717260C00EF4D46 /* blueButton@2x.png */,
				B1C757531717260C00EF4D46 /* cyanButton.png */,
				B1C757541717260C00EF4D46 /* cyanButton@2x.png */,
				B1C757551717260C00EF4D46 /* greenButton.png */,
				B1C757561717260C00EF4D46 /* greenButton@2x.png */,
				B1C757571717260C00EF4D46 /* greyButton.png */,
				B1C757581717260C00EF4D46 /* greyButton@2x.png */,
				B1C757591717260C00EF4D46 /* orangeButton.png */,
				B1C7575A1717260C00EF4D46 /* orangeButton@2x.png */,
				B1C7575B1717260C00EF4D46 /* pinkButton.png */,
				B1C7575C1717260C00EF4D46 /* pinkButton@2x.png */,
				B1C7575D1717260C00EF4D46 /* tanButton.png */,
				B1C7575E1717260C00EF4D46 /* tanButton@2x.png */,
				B1C7575F1717260C00EF4D46 /* violetButton.png */,
				B1C757601717260C00EF4D46 /* violetButton@2x.png */,
				B1C757611717260C00EF4D46 /* whiteButton.png */,
				B1C757621717260C00EF4D46 /* whiteButton@2x.png */,
			);
			path = color_buttons;
			sourceTree = "<group>";
		};
/* End PBXGroup section */

/* Begin PBXNativeTarget section */
		ACF8431117011DA1001B8DCB /* Cylinder Tic Tac Toe */ = {
			isa = PBXNativeTarget;
			buildConfigurationList = ACF8433617011DA1001B8DCB /* Build configuration list for PBXNativeTarget "Cylinder Tic Tac Toe" */;
			buildPhases = (
				ACF8430E17011DA1001B8DCB /* Sources */,
				ACF8430F17011DA1001B8DCB /* Frameworks */,
				ACF8431017011DA1001B8DCB /* Resources */,
			);
			buildRules = (
			);
			dependencies = (
			);
			name = "Cylinder Tic Tac Toe";
			productName = "Cylinder Tic Tac Toe";
			productReference = ACF8431217011DA1001B8DCB /* Cylinder Tic Tac Toe.app */;
			productType = "com.apple.product-type.application";
		};
/* End PBXNativeTarget section */

/* Begin PBXProject section */
		ACF8430917011DA1001B8DCB /* Project object */ = {
			isa = PBXProject;
			attributes = {
				LastUpgradeCheck = 0450;
				ORGANIZATIONNAME = uicsi7;
			};
			buildConfigurationList = ACF8430C17011DA1001B8DCB /* Build configuration list for PBXProject "Cylinder Tic Tac Toe" */;
			compatibilityVersion = "Xcode 3.2";
			developmentRegion = English;
			hasScannedForEncodings = 0;
			knownRegions = (
				en,
			);
			mainGroup = ACF8430717011DA1001B8DCB;
			productRefGroup = ACF8431317011DA1001B8DCB /* Products */;
			projectDirPath = "";
			projectRoot = "";
			targets = (
				ACF8431117011DA1001B8DCB /* Cylinder Tic Tac Toe */,
			);
		};
/* End PBXProject section */

/* Begin PBXResourcesBuildPhase section */
		ACF8431017011DA1001B8DCB /* Resources */ = {
			isa = PBXResourcesBuildPhase;
			buildActionMask = 2147483647;
			files = (
				ACF8432117011DA1001B8DCB /* InfoPlist.strings in Resources */,
				ACF8432917011DA1001B8DCB /* Default.png in Resources */,
				ACF8432B17011DA1001B8DCB /* Default@2x.png in Resources */,
				ACF8432D17011DA1001B8DCB /* Default-568h@2x.png in Resources */,
				ACF8433017011DA1001B8DCB /* MainStoryboard.storyboard in Resources */,
				B1C757631717260C00EF4D46 /* blackButton.png in Resources */,
				B1C757641717260C00EF4D46 /* blackButton@2x.png in Resources */,
				B1C757651717260C00EF4D46 /* blueButton.png in Resources */,
				B1C757661717260C00EF4D46 /* blueButton@2x.png in Resources */,
				B1C757671717260C00EF4D46 /* cyanButton.png in Resources */,
				B1C757681717260C00EF4D46 /* cyanButton@2x.png in Resources */,
				B1C757691717260C00EF4D46 /* greenButton.png in Resources */,
				B1C7576A1717260C00EF4D46 /* greenButton@2x.png in Resources */,
				B1C7576B1717260C00EF4D46 /* greyButton.png in Resources */,
				B1C7576C1717260C00EF4D46 /* greyButton@2x.png in Resources */,
				B1C7576D1717260C00EF4D46 /* orangeButton.png in Resources */,
				B1C7576E1717260C00EF4D46 /* orangeButton@2x.png in Resources */,
				B1C7576F1717260C00EF4D46 /* pinkButton.png in Resources */,
				B1C757701717260C00EF4D46 /* pinkButton@2x.png in Resources */,
				B1C757711717260C00EF4D46 /* tanButton.png in Resources */,
				B1C757721717260C00EF4D46 /* tanButton@2x.png in Resources */,
				B1C757731717260C00EF4D46 /* violetButton.png in Resources */,
				B1C757741717260C00EF4D46 /* violetButton@2x.png in Resources */,
				B1C757751717260C00EF4D46 /* whiteButton.png in Resources */,
				B1C757761717260C00EF4D46 /* whiteButton@2x.png in Resources */,
				ACAD19BD17256793002B522B /* Title.png in Resources */,
				AC3DD7DC172AE2DC00C8931C /* Menu.png in Resources */,
				AC3DD805173AB9EA00C8931C /* credits.pdf in Resources */,
				AC3DD806173AB9EA00C8931C /* howToPlay.pdf in Resources */,
				ACC25B4F173C3D56004A837F /* game_background.jpg in Resources */,
			);
			runOnlyForDeploymentPostprocessing = 0;
		};
/* End PBXResourcesBuildPhase section */

/* Begin PBXSourcesBuildPhase section */
		ACF8430E17011DA1001B8DCB /* Sources */ = {
			isa = PBXSourcesBuildPhase;
			buildActionMask = 2147483647;
			files = (
				ACF8432317011DA1001B8DCB /* main.m in Sources */,
				ACF8432717011DA1001B8DCB /* AppDelegate.m in Sources */,
				ACF8433317011DA1001B8DCB /* ViewController.m in Sources */,
				B1C756C917115FF900EF4D46 /* CylinderTicTacToeGameLogic.m in Sources */,
				B1C756CE17147B6C00EF4D46 /* Simple2DLayer.m in Sources */,
				ACF35C6C1714BF0900B008D3 /* Simple2DGameViewController.m in Sources */,
				B1C756CF1715B3A300EF4D46 /* NewGameOptionsViewController.m in Sources */,
				B1BFB433171941D900FFB502 /* CylinderTicTacToeGameAI.m in Sources */,
				B19F1C51172A8F6D00C42142 /* WinScenceVC.m in Sources */,
				AC3DD7F21730227D00C8931C /* HowToPlayViewController.m in Sources */,
				AC3DD809173ABA4700C8931C /* CreditsViewController.m in Sources */,
			);
			runOnlyForDeploymentPostprocessing = 0;
		};
/* End PBXSourcesBuildPhase section */

/* Begin PBXVariantGroup section */
		ACF8431F17011DA1001B8DCB /* InfoPlist.strings */ = {
			isa = PBXVariantGroup;
			children = (
				ACF8432017011DA1001B8DCB /* en */,
			);
			name = InfoPlist.strings;
			sourceTree = "<group>";
		};
		ACF8432E17011DA1001B8DCB /* MainStoryboard.storyboard */ = {
			isa = PBXVariantGroup;
			children = (
				ACF8432F17011DA1001B8DCB /* en */,
			);
			name = MainStoryboard.storyboard;
			sourceTree = "<group>";
		};
/* End PBXVariantGroup section */

/* Begin XCBuildConfiguration section */
		ACF8433417011DA1001B8DCB /* Debug */ = {
			isa = XCBuildConfiguration;
			buildSettings = {
				ALWAYS_SEARCH_USER_PATHS = NO;
				CLANG_CXX_LANGUAGE_STANDARD = "gnu++0x";
				CLANG_CXX_LIBRARY = "libc++";
				CLANG_ENABLE_OBJC_ARC = YES;
				CLANG_WARN_EMPTY_BODY = YES;
				CLANG_WARN__DUPLICATE_METHOD_MATCH = YES;
				CODE_SIGN_IDENTITY = "iPhone Developer";
				"CODE_SIGN_IDENTITY[sdk=iphoneos*]" = "iPhone Developer: Tran Anh (9N2ME7W4PZ)";
				COPY_PHASE_STRIP = NO;
				GCC_C_LANGUAGE_STANDARD = gnu99;
				GCC_DYNAMIC_NO_PIC = NO;
				GCC_OPTIMIZATION_LEVEL = 0;
				GCC_PREPROCESSOR_DEFINITIONS = (
					"DEBUG=1",
					"$(inherited)",
				);
				GCC_SYMBOLS_PRIVATE_EXTERN = NO;
				GCC_WARN_ABOUT_RETURN_TYPE = YES;
				GCC_WARN_UNINITIALIZED_AUTOS = YES;
				GCC_WARN_UNUSED_VARIABLE = YES;
				IPHONEOS_DEPLOYMENT_TARGET = 6.0;
				ONLY_ACTIVE_ARCH = YES;
				PROVISIONING_PROFILE = "";
				"PROVISIONING_PROFILE[sdk=iphoneos*]" = "AEAE5672-38B3-4848-AB98-40DDB5664852";
				SDKROOT = iphoneos6.1;
			};
			name = Debug;
		};
		ACF8433517011DA1001B8DCB /* Release */ = {
			isa = XCBuildConfiguration;
			buildSettings = {
				ALWAYS_SEARCH_USER_PATHS = NO;
				CLANG_CXX_LANGUAGE_STANDARD = "gnu++0x";
				CLANG_CXX_LIBRARY = "libc++";
				CLANG_ENABLE_OBJC_ARC = YES;
				CLANG_WARN_EMPTY_BODY = YES;
				CLANG_WARN__DUPLICATE_METHOD_MATCH = YES;
				CODE_SIGN_IDENTITY = "iPhone Developer";
				"CODE_SIGN_IDENTITY[sdk=iphoneos*]" = "iPhone Developer: Tran Anh (9N2ME7W4PZ)";
				COPY_PHASE_STRIP = YES;
				GCC_C_LANGUAGE_STANDARD = gnu99;
				GCC_WARN_ABOUT_RETURN_TYPE = YES;
				GCC_WARN_UNINITIALIZED_AUTOS = YES;
				GCC_WARN_UNUSED_VARIABLE = YES;
				IPHONEOS_DEPLOYMENT_TARGET = 6.0;
				ONLY_ACTIVE_ARCH = NO;
				OTHER_CFLAGS = "-DNS_BLOCK_ASSERTIONS=1";
				PROVISIONING_PROFILE = "";
				"PROVISIONING_PROFILE[sdk=iphoneos*]" = "AEAE5672-38B3-4848-AB98-40DDB5664852";
				SDKROOT = iphoneos6.1;
				VALIDATE_PRODUCT = YES;
			};
			name = Release;
		};
		ACF8433717011DA1001B8DCB /* Debug */ = {
			isa = XCBuildConfiguration;
			buildSettings = {
				CODE_SIGN_IDENTITY = "iPhone Developer: Tran Anh (9N2ME7W4PZ)";
				GCC_PRECOMPILE_PREFIX_HEADER = YES;
				GCC_PREFIX_HEADER = "Cylinder Tic Tac Toe/Cylinder Tic Tac Toe-Prefix.pch";
				INFOPLIST_FILE = "Cylinder Tic Tac Toe/Cylinder Tic Tac Toe-Info.plist";
				PRODUCT_NAME = "$(TARGET_NAME)";
				PROVISIONING_PROFILE = "AEAE5672-38B3-4848-AB98-40DDB5664852";
				WRAPPER_EXTENSION = app;
			};
			name = Debug;
		};
		ACF8433817011DA1001B8DCB /* Release */ = {
			isa = XCBuildConfiguration;
			buildSettings = {
				CODE_SIGN_IDENTITY = "iPhone Developer: Tran Anh (9N2ME7W4PZ)";
				"CODE_SIGN_IDENTITY[sdk=iphoneos*]" = "";
				GCC_PRECOMPILE_PREFIX_HEADER = YES;
				GCC_PREFIX_HEADER = "Cylinder Tic Tac Toe/Cylinder Tic Tac Toe-Prefix.pch";
				INFOPLIST_FILE = "Cylinder Tic Tac Toe/Cylinder Tic Tac Toe-Info.plist";
				PRODUCT_NAME = "$(TARGET_NAME)";
				PROVISIONING_PROFILE = "AEAE5672-38B3-4848-AB98-40DDB5664852";
				WRAPPER_EXTENSION = app;
			};
			name = Release;
		};
/* End XCBuildConfiguration section */

/* Begin XCConfigurationList section */
		ACF8430C17011DA1001B8DCB /* Build configuration list for PBXProject "Cylinder Tic Tac Toe" */ = {
			isa = XCConfigurationList;
			buildConfigurations = (
				ACF8433417011DA1001B8DCB /* Debug */,
				ACF8433517011DA1001B8DCB /* Release */,
			);
			defaultConfigurationIsVisible = 0;
			defaultConfigurationName = Release;
		};
		ACF8433617011DA1001B8DCB /* Build configuration list for PBXNativeTarget "Cylinder Tic Tac Toe" */ = {
			isa = XCConfigurationList;
			buildConfigurations = (
				ACF8433717011DA1001B8DCB /* Debug */,
				ACF8433817011DA1001B8DCB /* Release */,
			);
			defaultConfigurationIsVisible = 0;
			defaultConfigurationName = Release;
		};
/* End XCConfigurationList section */
	};
	rootObject = ACF8430917011DA1001B8DCB /* Project object */;
}
